// !$*UTF8*$!
{
	archiveVersion = 1;
	classes = {
	};
	objectVersion = 46;
	objects = {

/* Begin PBXBuildFile section */
		CE9DA80D174C567800CB16C4 /* UIKit.framework in Frameworks */ = {isa = PBXBuildFile; fileRef = CE9DA80C174C567800CB16C4 /* UIKit.framework */; };
		CE9DA80F174C567800CB16C4 /* Foundation.framework in Frameworks */ = {isa = PBXBuildFile; fileRef = CE9DA80E174C567800CB16C4 /* Foundation.framework */; };
		CE9DA811174C567800CB16C4 /* CoreGraphics.framework in Frameworks */ = {isa = PBXBuildFile; fileRef = CE9DA810174C567800CB16C4 /* CoreGraphics.framework */; };
		CE9DA817174C567800CB16C4 /* InfoPlist.strings in Resources */ = {isa = PBXBuildFile; fileRef = CE9DA815174C567800CB16C4 /* InfoPlist.strings */; };
		CE9DA819174C567800CB16C4 /* main.m in Sources */ = {isa = PBXBuildFile; fileRef = CE9DA818174C567800CB16C4 /* main.m */; };
		CE9DA81D174C567800CB16C4 /* AppDelegate.m in Sources */ = {isa = PBXBuildFile; fileRef = CE9DA81C174C567800CB16C4 /* AppDelegate.m */; };
		CE9DA81F174C567800CB16C4 /* Default.png in Resources */ = {isa = PBXBuildFile; fileRef = CE9DA81E174C567800CB16C4 /* Default.png */; };
		CE9DA821174C567800CB16C4 /* Default@2x.png in Resources */ = {isa = PBXBuildFile; fileRef = CE9DA820174C567800CB16C4 /* Default@2x.png */; };
		CE9DA823174C567800CB16C4 /* Default-568h@2x.png in Resources */ = {isa = PBXBuildFile; fileRef = CE9DA822174C567800CB16C4 /* Default-568h@2x.png */; };
		CE9DA832174C5B1B00CB16C4 /* ViewController.m in Sources */ = {isa = PBXBuildFile; fileRef = CE9DA830174C5B1B00CB16C4 /* ViewController.m */; };
		CE9DA833174C5B1B00CB16C4 /* ViewController.xib in Resources */ = {isa = PBXBuildFile; fileRef = CE9DA831174C5B1B00CB16C4 /* ViewController.xib */; };
		CE9DA836174C5D6300CB16C4 /* Cell.m in Sources */ = {isa = PBXBuildFile; fileRef = CE9DA835174C5D6300CB16C4 /* Cell.m */; };
		CE9DA83C174C5F3D00CB16C4 /* QuartzCore.framework in Frameworks */ = {isa = PBXBuildFile; fileRef = CE9DA83B174C5F3D00CB16C4 /* QuartzCore.framework */; };
		CE9DA846174C734300CB16C4 /* SubViewController.m in Sources */ = {isa = PBXBuildFile; fileRef = CE9DA844174C734300CB16C4 /* SubViewController.m */; };
		CE9DA847174C734300CB16C4 /* SubViewController.xib in Resources */ = {isa = PBXBuildFile; fileRef = CE9DA845174C734300CB16C4 /* SubViewController.xib */; };
		CEA7F2A7174DBE6E00336A29 /* blueArrow.png in Resources */ = {isa = PBXBuildFile; fileRef = CEA7F2A3174DBE6E00336A29 /* blueArrow.png */; };
		CEA7F2A8174DBE6E00336A29 /* blueArrow@2x.png in Resources */ = {isa = PBXBuildFile; fileRef = CEA7F2A4174DBE6E00336A29 /* blueArrow@2x.png */; };
		CEA7F2A9174DBE6E00336A29 /* RefreshHeaderAndFooterView.m in Sources */ = {isa = PBXBuildFile; fileRef = CEA7F2A6174DBE6E00336A29 /* RefreshHeaderAndFooterView.m */; };
		CEA9063D174C8FC000C91243 /* SubCell.m in Sources */ = {isa = PBXBuildFile; fileRef = CEA9063C174C8FC000C91243 /* SubCell.m */; };
		CEA90656174C988000C91243 /* ASIAuthenticationDialog.m in Sources */ = {isa = PBXBuildFile; fileRef = CEA90641174C988000C91243 /* ASIAuthenticationDialog.m */; };
		CEA90657174C988000C91243 /* ASIDataCompressor.m in Sources */ = {isa = PBXBuildFile; fileRef = CEA90644174C988000C91243 /* ASIDataCompressor.m */; };
		CEA90658174C988000C91243 /* ASIDataDecompressor.m in Sources */ = {isa = PBXBuildFile; fileRef = CEA90646174C988000C91243 /* ASIDataDecompressor.m */; };
		CEA90659174C988000C91243 /* ASIDownloadCache.m in Sources */ = {isa = PBXBuildFile; fileRef = CEA90648174C988000C91243 /* ASIDownloadCache.m */; };
		CEA9065A174C988000C91243 /* ASIFormDataRequest.m in Sources */ = {isa = PBXBuildFile; fileRef = CEA9064A174C988000C91243 /* ASIFormDataRequest.m */; };
		CEA9065B174C988000C91243 /* ASIHTTPRequest.m in Sources */ = {isa = PBXBuildFile; fileRef = CEA9064C174C988000C91243 /* ASIHTTPRequest.m */; };
		CEA9065C174C988000C91243 /* ASIInputStream.m in Sources */ = {isa = PBXBuildFile; fileRef = CEA90650174C988000C91243 /* ASIInputStream.m */; };
		CEA9065D174C988000C91243 /* ASINetworkQueue.m in Sources */ = {isa = PBXBuildFile; fileRef = CEA90652174C988000C91243 /* ASINetworkQueue.m */; };
		CEA9065E174C988000C91243 /* Reachability.m in Sources */ = {isa = PBXBuildFile; fileRef = CEA90655174C988000C91243 /* Reachability.m */; };
		CEA90660174C9A9E00C91243 /* MobileCoreServices.framework in Frameworks */ = {isa = PBXBuildFile; fileRef = CEA9065F174C9A9E00C91243 /* MobileCoreServices.framework */; };
		CEA90662174C9AA300C91243 /* CFNetwork.framework in Frameworks */ = {isa = PBXBuildFile; fileRef = CEA90661174C9AA300C91243 /* CFNetwork.framework */; };
		CEA90664174C9AC800C91243 /* libz.1.2.5.dylib in Frameworks */ = {isa = PBXBuildFile; fileRef = CEA90663174C9AC800C91243 /* libz.1.2.5.dylib */; };
		CEA90666174C9AEF00C91243 /* SystemConfiguration.framework in Frameworks */ = {isa = PBXBuildFile; fileRef = CEA90665174C9AEF00C91243 /* SystemConfiguration.framework */; };
		CEA906C7174CB36500C91243 /* EGOCache.m in Sources */ = {isa = PBXBuildFile; fileRef = CEA906C6174CB36500C91243 /* EGOCache.m */; };
		CEA906CA174CB37B00C91243 /* EGOImageButton.m in Sources */ = {isa = PBXBuildFile; fileRef = CEA906C9174CB37B00C91243 /* EGOImageButton.m */; };
		CEA906CF174CB38C00C91243 /* EGOImageLoadConnection.m in Sources */ = {isa = PBXBuildFile; fileRef = CEA906CC174CB38C00C91243 /* EGOImageLoadConnection.m */; };
		CEA906D0174CB38C00C91243 /* EGOImageLoader.m in Sources */ = {isa = PBXBuildFile; fileRef = CEA906CE174CB38C00C91243 /* EGOImageLoader.m */; };
		CEA906D3174CB39800C91243 /* EGOImageView.m in Sources */ = {isa = PBXBuildFile; fileRef = CEA906D2174CB39700C91243 /* EGOImageView.m */; };
/* End PBXBuildFile section */

/* Begin PBXFileReference section */
		CE9DA808174C567800CB16C4 /* test0001.app */ = {isa = PBXFileReference; explicitFileType = wrapper.application; includeInIndex = 0; path = test0001.app; sourceTree = BUILT_PRODUCTS_DIR; };
		CE9DA80C174C567800CB16C4 /* UIKit.framework */ = {isa = PBXFileReference; lastKnownFileType = wrapper.framework; name = UIKit.framework; path = System/Library/Frameworks/UIKit.framework; sourceTree = SDKROOT; };
		CE9DA80E174C567800CB16C4 /* Foundation.framework */ = {isa = PBXFileReference; lastKnownFileType = wrapper.framework; name = Foundation.framework; path = System/Library/Frameworks/Foundation.framework; sourceTree = SDKROOT; };
		CE9DA810174C567800CB16C4 /* CoreGraphics.framework */ = {isa = PBXFileReference; lastKnownFileType = wrapper.framework; name = CoreGraphics.framework; path = System/Library/Frameworks/CoreGraphics.framework; sourceTree = SDKROOT; };
		CE9DA814174C567800CB16C4 /* test0001-Info.plist */ = {isa = PBXFileReference; lastKnownFileType = text.plist.xml; path = "test0001-Info.plist"; sourceTree = "<group>"; };
		CE9DA816174C567800CB16C4 /* en */ = {isa = PBXFileReference; lastKnownFileType = text.plist.strings; name = en; path = en.lproj/InfoPlist.strings; sourceTree = "<group>"; };
		CE9DA818174C567800CB16C4 /* main.m */ = {isa = PBXFileReference; lastKnownFileType = sourcecode.c.objc; path = main.m; sourceTree = "<group>"; };
		CE9DA81A174C567800CB16C4 /* test0001-Prefix.pch */ = {isa = PBXFileReference; lastKnownFileType = sourcecode.c.h; path = "test0001-Prefix.pch"; sourceTree = "<group>"; };
		CE9DA81B174C567800CB16C4 /* AppDelegate.h */ = {isa = PBXFileReference; lastKnownFileType = sourcecode.c.h; path = AppDelegate.h; sourceTree = "<group>"; };
		CE9DA81C174C567800CB16C4 /* AppDelegate.m */ = {isa = PBXFileReference; lastKnownFileType = sourcecode.c.objc; path = AppDelegate.m; sourceTree = "<group>"; };
		CE9DA81E174C567800CB16C4 /* Default.png */ = {isa = PBXFileReference; lastKnownFileType = image.png; path = Default.png; sourceTree = "<group>"; };
		CE9DA820174C567800CB16C4 /* Default@2x.png */ = {isa = PBXFileReference; lastKnownFileType = image.png; path = "Default@2x.png"; sourceTree = "<group>"; };
		CE9DA822174C567800CB16C4 /* Default-568h@2x.png */ = {isa = PBXFileReference; lastKnownFileType = image.png; path = "Default-568h@2x.png"; sourceTree = "<group>"; };
		CE9DA82F174C5B1B00CB16C4 /* ViewController.h */ = {isa = PBXFileReference; fileEncoding = 4; lastKnownFileType = sourcecode.c.h; path = ViewController.h; sourceTree = "<group>"; };
		CE9DA830174C5B1B00CB16C4 /* ViewController.m */ = {isa = PBXFileReference; fileEncoding = 4; lastKnownFileType = sourcecode.c.objc; path = ViewController.m; sourceTree = "<group>"; };
		CE9DA831174C5B1B00CB16C4 /* ViewController.xib */ = {isa = PBXFileReference; fileEncoding = 4; lastKnownFileType = file.xib; path = ViewController.xib; sourceTree = "<group>"; };
		CE9DA834174C5D6300CB16C4 /* Cell.h */ = {isa = PBXFileReference; fileEncoding = 4; lastKnownFileType = sourcecode.c.h; path = Cell.h; sourceTree = "<group>"; };
		CE9DA835174C5D6300CB16C4 /* Cell.m */ = {isa = PBXFileReference; fileEncoding = 4; lastKnownFileType = sourcecode.c.objc; path = Cell.m; sourceTree = "<group>"; };
		CE9DA83B174C5F3D00CB16C4 /* QuartzCore.framework */ = {isa = PBXFileReference; lastKnownFileType = wrapper.framework; name = QuartzCore.framework; path = System/Library/Frameworks/QuartzCore.framework; sourceTree = SDKROOT; };
		CE9DA843174C734300CB16C4 /* SubViewController.h */ = {isa = PBXFileReference; fileEncoding = 4; lastKnownFileType = sourcecode.c.h; path = SubViewController.h; sourceTree = "<group>"; };
		CE9DA844174C734300CB16C4 /* SubViewController.m */ = {isa = PBXFileReference; fileEncoding = 4; lastKnownFileType = sourcecode.c.objc; path = SubViewController.m; sourceTree = "<group>"; };
		CE9DA845174C734300CB16C4 /* SubViewController.xib */ = {isa = PBXFileReference; fileEncoding = 4; lastKnownFileType = file.xib; path = SubViewController.xib; sourceTree = "<group>"; };
		CEA7F2A3174DBE6E00336A29 /* blueArrow.png */ = {isa = PBXFileReference; lastKnownFileType = image.png; path = blueArrow.png; sourceTree = "<group>"; };
		CEA7F2A4174DBE6E00336A29 /* blueArrow@2x.png */ = {isa = PBXFileReference; lastKnownFileType = image.png; path = "blueArrow@2x.png"; sourceTree = "<group>"; };
		CEA7F2A5174DBE6E00336A29 /* RefreshHeaderAndFooterView.h */ = {isa = PBXFileReference; fileEncoding = 4; lastKnownFileType = sourcecode.c.h; path = RefreshHeaderAndFooterView.h; sourceTree = "<group>"; };
		CEA7F2A6174DBE6E00336A29 /* RefreshHeaderAndFooterView.m */ = {isa = PBXFileReference; fileEncoding = 4; lastKnownFileType = sourcecode.c.objc; path = RefreshHeaderAndFooterView.m; sourceTree = "<group>"; };
		CEA9063B174C8FC000C91243 /* SubCell.h */ = {isa = PBXFileReference; fileEncoding = 4; lastKnownFileType = sourcecode.c.h; path = SubCell.h; sourceTree = "<group>"; };
		CEA9063C174C8FC000C91243 /* SubCell.m */ = {isa = PBXFileReference; fileEncoding = 4; lastKnownFileType = sourcecode.c.objc; path = SubCell.m; sourceTree = "<group>"; };
		CEA90640174C988000C91243 /* ASIAuthenticationDialog.h */ = {isa = PBXFileReference; fileEncoding = 4; lastKnownFileType = sourcecode.c.h; path = ASIAuthenticationDialog.h; sourceTree = "<group>"; };
		CEA90641174C988000C91243 /* ASIAuthenticationDialog.m */ = {isa = PBXFileReference; fileEncoding = 4; lastKnownFileType = sourcecode.c.objc; path = ASIAuthenticationDialog.m; sourceTree = "<group>"; };
		CEA90642174C988000C91243 /* ASICacheDelegate.h */ = {isa = PBXFileReference; fileEncoding = 4; lastKnownFileType = sourcecode.c.h; path = ASICacheDelegate.h; sourceTree = "<group>"; };
		CEA90643174C988000C91243 /* ASIDataCompressor.h */ = {isa = PBXFileReference; fileEncoding = 4; lastKnownFileType = sourcecode.c.h; path = ASIDataCompressor.h; sourceTree = "<group>"; };
		CEA90644174C988000C91243 /* ASIDataCompressor.m */ = {isa = PBXFileReference; fileEncoding = 4; lastKnownFileType = sourcecode.c.objc; path = ASIDataCompressor.m; sourceTree = "<group>"; };
		CEA90645174C988000C91243 /* ASIDataDecompressor.h */ = {isa = PBXFileReference; fileEncoding = 4; lastKnownFileType = sourcecode.c.h; path = ASIDataDecompressor.h; sourceTree = "<group>"; };
		CEA90646174C988000C91243 /* ASIDataDecompressor.m */ = {isa = PBXFileReference; fileEncoding = 4; lastKnownFileType = sourcecode.c.objc; path = ASIDataDecompressor.m; sourceTree = "<group>"; };
		CEA90647174C988000C91243 /* ASIDownloadCache.h */ = {isa = PBXFileReference; fileEncoding = 4; lastKnownFileType = sourcecode.c.h; path = ASIDownloadCache.h; sourceTree = "<group>"; };
		CEA90648174C988000C91243 /* ASIDownloadCache.m */ = {isa = PBXFileReference; fileEncoding = 4; lastKnownFileType = sourcecode.c.objc; path = ASIDownloadCache.m; sourceTree = "<group>"; };
		CEA90649174C988000C91243 /* ASIFormDataRequest.h */ = {isa = PBXFileReference; fileEncoding = 4; lastKnownFileType = sourcecode.c.h; path = ASIFormDataRequest.h; sourceTree = "<group>"; };
		CEA9064A174C988000C91243 /* ASIFormDataRequest.m */ = {isa = PBXFileReference; fileEncoding = 4; lastKnownFileType = sourcecode.c.objc; path = ASIFormDataRequest.m; sourceTree = "<group>"; };
		CEA9064B174C988000C91243 /* ASIHTTPRequest.h */ = {isa = PBXFileReference; fileEncoding = 4; lastKnownFileType = sourcecode.c.h; path = ASIHTTPRequest.h; sourceTree = "<group>"; };
		CEA9064C174C988000C91243 /* ASIHTTPRequest.m */ = {isa = PBXFileReference; fileEncoding = 4; lastKnownFileType = sourcecode.c.objc; path = ASIHTTPRequest.m; sourceTree = "<group>"; };
		CEA9064D174C988000C91243 /* ASIHTTPRequestConfig.h */ = {isa = PBXFileReference; fileEncoding = 4; lastKnownFileType = sourcecode.c.h; path = ASIHTTPRequestConfig.h; sourceTree = "<group>"; };
		CEA9064E174C988000C91243 /* ASIHTTPRequestDelegate.h */ = {isa = PBXFileReference; fileEncoding = 4; lastKnownFileType = sourcecode.c.h; path = ASIHTTPRequestDelegate.h; sourceTree = "<group>"; };
		CEA9064F174C988000C91243 /* ASIInputStream.h */ = {isa = PBXFileReference; fileEncoding = 4; lastKnownFileType = sourcecode.c.h; path = ASIInputStream.h; sourceTree = "<group>"; };
		CEA90650174C988000C91243 /* ASIInputStream.m */ = {isa = PBXFileReference; fileEncoding = 4; lastKnownFileType = sourcecode.c.objc; path = ASIInputStream.m; sourceTree = "<group>"; };
		CEA90651174C988000C91243 /* ASINetworkQueue.h */ = {isa = PBXFileReference; fileEncoding = 4; lastKnownFileType = sourcecode.c.h; path = ASINetworkQueue.h; sourceTree = "<group>"; };
		CEA90652174C988000C91243 /* ASINetworkQueue.m */ = {isa = PBXFileReference; fileEncoding = 4; lastKnownFileType = sourcecode.c.objc; path = ASINetworkQueue.m; sourceTree = "<group>"; };
		CEA90653174C988000C91243 /* ASIProgressDelegate.h */ = {isa = PBXFileReference; fileEncoding = 4; lastKnownFileType = sourcecode.c.h; path = ASIProgressDelegate.h; sourceTree = "<group>"; };
		CEA90654174C988000C91243 /* Reachability.h */ = {isa = PBXFileReference; fileEncoding = 4; lastKnownFileType = sourcecode.c.h; path = Reachability.h; sourceTree = "<group>"; };
		CEA90655174C988000C91243 /* Reachability.m */ = {isa = PBXFileReference; fileEncoding = 4; lastKnownFileType = sourcecode.c.objc; path = Reachability.m; sourceTree = "<group>"; };
		CEA9065F174C9A9E00C91243 /* MobileCoreServices.framework */ = {isa = PBXFileReference; lastKnownFileType = wrapper.framework; name = MobileCoreServices.framework; path = System/Library/Frameworks/MobileCoreServices.framework; sourceTree = SDKROOT; };
		CEA90661174C9AA300C91243 /* CFNetwork.framework */ = {isa = PBXFileReference; lastKnownFileType = wrapper.framework; name = CFNetwork.framework; path = System/Library/Frameworks/CFNetwork.framework; sourceTree = SDKROOT; };
		CEA90663174C9AC800C91243 /* libz.1.2.5.dylib */ = {isa = PBXFileReference; lastKnownFileType = "compiled.mach-o.dylib"; name = libz.1.2.5.dylib; path = usr/lib/libz.1.2.5.dylib; sourceTree = SDKROOT; };
		CEA90665174C9AEF00C91243 /* SystemConfiguration.framework */ = {isa = PBXFileReference; lastKnownFileType = wrapper.framework; name = SystemConfiguration.framework; path = System/Library/Frameworks/SystemConfiguration.framework; sourceTree = SDKROOT; };
		CEA906C5174CB36400C91243 /* EGOCache.h */ = {isa = PBXFileReference; fileEncoding = 4; lastKnownFileType = sourcecode.c.h; path = EGOCache.h; sourceTree = "<group>"; };
		CEA906C6174CB36500C91243 /* EGOCache.m */ = {isa = PBXFileReference; fileEncoding = 4; lastKnownFileType = sourcecode.c.objc; path = EGOCache.m; sourceTree = "<group>"; };
		CEA906C8174CB37A00C91243 /* EGOImageButton.h */ = {isa = PBXFileReference; fileEncoding = 4; lastKnownFileType = sourcecode.c.h; path = EGOImageButton.h; sourceTree = "<group>"; };
		CEA906C9174CB37B00C91243 /* EGOImageButton.m */ = {isa = PBXFileReference; fileEncoding = 4; lastKnownFileType = sourcecode.c.objc; path = EGOImageButton.m; sourceTree = "<group>"; };
		CEA906CB174CB38B00C91243 /* EGOImageLoadConnection.h */ = {isa = PBXFileReference; fileEncoding = 4; lastKnownFileType = sourcecode.c.h; path = EGOImageLoadConnection.h; sourceTree = "<group>"; };
		CEA906CC174CB38C00C91243 /* EGOImageLoadConnection.m */ = {isa = PBXFileReference; fileEncoding = 4; lastKnownFileType = sourcecode.c.objc; path = EGOImageLoadConnection.m; sourceTree = "<group>"; };
		CEA906CD174CB38C00C91243 /* EGOImageLoader.h */ = {isa = PBXFileReference; fileEncoding = 4; lastKnownFileType = sourcecode.c.h; path = EGOImageLoader.h; sourceTree = "<group>"; };
		CEA906CE174CB38C00C91243 /* EGOImageLoader.m */ = {isa = PBXFileReference; fileEncoding = 4; lastKnownFileType = sourcecode.c.objc; path = EGOImageLoader.m; sourceTree = "<group>"; };
		CEA906D1174CB39700C91243 /* EGOImageView.h */ = {isa = PBXFileReference; fileEncoding = 4; lastKnownFileType = sourcecode.c.h; path = EGOImageView.h; sourceTree = "<group>"; };
		CEA906D2174CB39700C91243 /* EGOImageView.m */ = {isa = PBXFileReference; fileEncoding = 4; lastKnownFileType = sourcecode.c.objc; path = EGOImageView.m; sourceTree = "<group>"; };
/* End PBXFileReference section */

/* Begin PBXFrameworksBuildPhase section */
		CE9DA805174C567800CB16C4 /* Frameworks */ = {
			isa = PBXFrameworksBuildPhase;
			buildActionMask = 2147483647;
			files = (
				CEA90666174C9AEF00C91243 /* SystemConfiguration.framework in Frameworks */,
				CEA90664174C9AC800C91243 /* libz.1.2.5.dylib in Frameworks */,
				CEA90662174C9AA300C91243 /* CFNetwork.framework in Frameworks */,
				CEA90660174C9A9E00C91243 /* MobileCoreServices.framework in Frameworks */,
				CE9DA83C174C5F3D00CB16C4 /* QuartzCore.framework in Frameworks */,
				CE9DA80D174C567800CB16C4 /* UIKit.framework in Frameworks */,
				CE9DA80F174C567800CB16C4 /* Foundation.framework in Frameworks */,
				CE9DA811174C567800CB16C4 /* CoreGraphics.framework in Frameworks */,
			);
			runOnlyForDeploymentPostprocessing = 0;
		};
/* End PBXFrameworksBuildPhase section */

/* Begin PBXGroup section */
		CE9DA7FD174C567700CB16C4 = {
			isa = PBXGroup;
			children = (
				CE9DA812174C567800CB16C4 /* test0001 */,
				CE9DA80B174C567800CB16C4 /* Frameworks */,
				CE9DA809174C567800CB16C4 /* Products */,
			);
			sourceTree = "<group>";
		};
		CE9DA809174C567800CB16C4 /* Products */ = {
			isa = PBXGroup;
			children = (
				CE9DA808174C567800CB16C4 /* test0001.app */,
			);
			name = Products;
			sourceTree = "<group>";
		};
		CE9DA80B174C567800CB16C4 /* Frameworks */ = {
			isa = PBXGroup;
			children = (
				CEA90663174C9AC800C91243 /* libz.1.2.5.dylib */,
				CEA90665174C9AEF00C91243 /* SystemConfiguration.framework */,
				CEA90661174C9AA300C91243 /* CFNetwork.framework */,
				CEA9065F174C9A9E00C91243 /* MobileCoreServices.framework */,
				CE9DA83B174C5F3D00CB16C4 /* QuartzCore.framework */,
				CE9DA80C174C567800CB16C4 /* UIKit.framework */,
				CE9DA80E174C567800CB16C4 /* Foundation.framework */,
				CE9DA810174C567800CB16C4 /* CoreGraphics.framework */,
			);
			name = Frameworks;
			sourceTree = "<group>";
		};
		CE9DA812174C567800CB16C4 /* test0001 */ = {
			isa = PBXGroup;
			children = (
				CEA7F2A2174DBE6E00336A29 /* RefreshHeaderAndFooterView */,
				CEA906D4174CB3C200C91243 /* EGOImage */,
				CEA9063F174C988000C91243 /* ASIHttpRequest */,
				CE9DA81B174C567800CB16C4 /* AppDelegate.h */,
				CE9DA81C174C567800CB16C4 /* AppDelegate.m */,
				CE9DA813174C567800CB16C4 /* Supporting Files */,
				CE9DA82F174C5B1B00CB16C4 /* ViewController.h */,
				CE9DA830174C5B1B00CB16C4 /* ViewController.m */,
				CE9DA831174C5B1B00CB16C4 /* ViewController.xib */,
				CE9DA834174C5D6300CB16C4 /* Cell.h */,
				CE9DA835174C5D6300CB16C4 /* Cell.m */,
				CE9DA843174C734300CB16C4 /* SubViewController.h */,
				CE9DA844174C734300CB16C4 /* SubViewController.m */,
				CE9DA845174C734300CB16C4 /* SubViewController.xib */,
				CEA9063B174C8FC000C91243 /* SubCell.h */,
				CEA9063C174C8FC000C91243 /* SubCell.m */,
			);
			path = test0001;
			sourceTree = "<group>";
		};
		CE9DA813174C567800CB16C4 /* Supporting Files */ = {
			isa = PBXGroup;
			children = (
				CE9DA814174C567800CB16C4 /* test0001-Info.plist */,
				CE9DA815174C567800CB16C4 /* InfoPlist.strings */,
				CE9DA818174C567800CB16C4 /* main.m */,
				CE9DA81A174C567800CB16C4 /* test0001-Prefix.pch */,
				CE9DA81E174C567800CB16C4 /* Default.png */,
				CE9DA820174C567800CB16C4 /* Default@2x.png */,
				CE9DA822174C567800CB16C4 /* Default-568h@2x.png */,
			);
			name = "Supporting Files";
			sourceTree = "<group>";
		};
		CEA7F2A2174DBE6E00336A29 /* RefreshHeaderAndFooterView */ = {
			isa = PBXGroup;
			children = (
				CEA7F2A3174DBE6E00336A29 /* blueArrow.png */,
				CEA7F2A4174DBE6E00336A29 /* blueArrow@2x.png */,
				CEA7F2A5174DBE6E00336A29 /* RefreshHeaderAndFooterView.h */,
				CEA7F2A6174DBE6E00336A29 /* RefreshHeaderAndFooterView.m */,
			);
			path = RefreshHeaderAndFooterView;
			sourceTree = "<group>";
		};
		CEA9063F174C988000C91243 /* ASIHttpRequest */ = {
			isa = PBXGroup;
			children = (
				CEA90640174C988000C91243 /* ASIAuthenticationDialog.h */,
				CEA90641174C988000C91243 /* ASIAuthenticationDialog.m */,
				CEA90642174C988000C91243 /* ASICacheDelegate.h */,
				CEA90643174C988000C91243 /* ASIDataCompressor.h */,
				CEA90644174C988000C91243 /* ASIDataCompressor.m */,
				CEA90645174C988000C91243 /* ASIDataDecompressor.h */,
				CEA90646174C988000C91243 /* ASIDataDecompressor.m */,
				CEA90647174C988000C91243 /* ASIDownloadCache.h */,
				CEA90648174C988000C91243 /* ASIDownloadCache.m */,
				CEA90649174C988000C91243 /* ASIFormDataRequest.h */,
				CEA9064A174C988000C91243 /* ASIFormDataRequest.m */,
				CEA9064B174C988000C91243 /* ASIHTTPRequest.h */,
				CEA9064C174C988000C91243 /* ASIHTTPRequest.m */,
				CEA9064D174C988000C91243 /* ASIHTTPRequestConfig.h */,
				CEA9064E174C988000C91243 /* ASIHTTPRequestDelegate.h */,
				CEA9064F174C988000C91243 /* ASIInputStream.h */,
				CEA90650174C988000C91243 /* ASIInputStream.m */,
				CEA90651174C988000C91243 /* ASINetworkQueue.h */,
				CEA90652174C988000C91243 /* ASINetworkQueue.m */,
				CEA90653174C988000C91243 /* ASIProgressDelegate.h */,
				CEA90654174C988000C91243 /* Reachability.h */,
				CEA90655174C988000C91243 /* Reachability.m */,
			);
			path = ASIHttpRequest;
			sourceTree = "<group>";
		};
		CEA906D4174CB3C200C91243 /* EGOImage */ = {
			isa = PBXGroup;
			children = (
				CEA906D1174CB39700C91243 /* EGOImageView.h */,
				CEA906D2174CB39700C91243 /* EGOImageView.m */,
				CEA906CB174CB38B00C91243 /* EGOImageLoadConnection.h */,
				CEA906CC174CB38C00C91243 /* EGOImageLoadConnection.m */,
				CEA906CD174CB38C00C91243 /* EGOImageLoader.h */,
				CEA906CE174CB38C00C91243 /* EGOImageLoader.m */,
				CEA906C8174CB37A00C91243 /* EGOImageButton.h */,
				CEA906C9174CB37B00C91243 /* EGOImageButton.m */,
				CEA906C5174CB36400C91243 /* EGOCache.h */,
				CEA906C6174CB36500C91243 /* EGOCache.m */,
			);
			name = EGOImage;
			sourceTree = "<group>";
		};
/* End PBXGroup section */

/* Begin PBXNativeTarget section */
		CE9DA807174C567800CB16C4 /* test0001 */ = {
			isa = PBXNativeTarget;
			buildConfigurationList = CE9DA82C174C567800CB16C4 /* Build configuration list for PBXNativeTarget "test0001" */;
			buildPhases = (
				CE9DA804174C567800CB16C4 /* Sources */,
				CE9DA805174C567800CB16C4 /* Frameworks */,
				CE9DA806174C567800CB16C4 /* Resources */,
			);
			buildRules = (
			);
			dependencies = (
			);
			name = test0001;
			productName = test0001;
			productReference = CE9DA808174C567800CB16C4 /* test0001.app */;
			productType = "com.apple.product-type.application";
		};
/* End PBXNativeTarget section */

/* Begin PBXProject section */
		CE9DA7FF174C567700CB16C4 /* Project object */ = {
			isa = PBXProject;
			attributes = {
				LastUpgradeCheck = 0450;
				ORGANIZATIONNAME = Chenlei;
			};
			buildConfigurationList = CE9DA802174C567800CB16C4 /* Build configuration list for PBXProject "test0001" */;
			compatibilityVersion = "Xcode 3.2";
			developmentRegion = English;
			hasScannedForEncodings = 0;
			knownRegions = (
				en,
			);
			mainGroup = CE9DA7FD174C567700CB16C4;
			productRefGroup = CE9DA809174C567800CB16C4 /* Products */;
			projectDirPath = "";
			projectRoot = "";
			targets = (
				CE9DA807174C567800CB16C4 /* test0001 */,
			);
		};
/* End PBXProject section */

/* Begin PBXResourcesBuildPhase section */
		CE9DA806174C567800CB16C4 /* Resources */ = {
			isa = PBXResourcesBuildPhase;
			buildActionMask = 2147483647;
			files = (
				CE9DA817174C567800CB16C4 /* InfoPlist.strings in Resources */,
				CE9DA81F174C567800CB16C4 /* Default.png in Resources */,
				CE9DA821174C567800CB16C4 /* Default@2x.png in Resources */,
				CE9DA823174C567800CB16C4 /* Default-568h@2x.png in Resources */,
				CE9DA833174C5B1B00CB16C4 /* ViewController.xib in Resources */,
				CE9DA847174C734300CB16C4 /* SubViewController.xib in Resources */,
				CEA7F2A7174DBE6E00336A29 /* blueArrow.png in Resources */,
				CEA7F2A8174DBE6E00336A29 /* blueArrow@2x.png in Resources */,
			);
			runOnlyForDeploymentPostprocessing = 0;
		};
/* End PBXResourcesBuildPhase section */

/* Begin PBXSourcesBuildPhase section */
		CE9DA804174C567800CB16C4 /* Sources */ = {
			isa = PBXSourcesBuildPhase;
			buildActionMask = 2147483647;
			files = (
				CE9DA819174C567800CB16C4 /* main.m in Sources */,
				CE9DA81D174C567800CB16C4 /* AppDelegate.m in Sources */,
				CE9DA832174C5B1B00CB16C4 /* ViewController.m in Sources */,
				CE9DA836174C5D6300CB16C4 /* Cell.m in Sources */,
				CE9DA846174C734300CB16C4 /* SubViewController.m in Sources */,
				CEA9063D174C8FC000C91243 /* SubCell.m in Sources */,
				CEA90656174C988000C91243 /* ASIAuthenticationDialog.m in Sources */,
				CEA90657174C988000C91243 /* ASIDataCompressor.m in Sources */,
				CEA90658174C988000C91243 /* ASIDataDecompressor.m in Sources */,
				CEA90659174C988000C91243 /* ASIDownloadCache.m in Sources */,
				CEA9065A174C988000C91243 /* ASIFormDataRequest.m in Sources */,
				CEA9065B174C988000C91243 /* ASIHTTPRequest.m in Sources */,
				CEA9065C174C988000C91243 /* ASIInputStream.m in Sources */,
				CEA9065D174C988000C91243 /* ASINetworkQueue.m in Sources */,
				CEA9065E174C988000C91243 /* Reachability.m in Sources */,
				CEA906C7174CB36500C91243 /* EGOCache.m in Sources */,
				CEA906CA174CB37B00C91243 /* EGOImageButton.m in Sources */,
				CEA906CF174CB38C00C91243 /* EGOImageLoadConnection.m in Sources */,
				CEA906D0174CB38C00C91243 /* EGOImageLoader.m in Sources */,
				CEA906D3174CB39800C91243 /* EGOImageView.m in Sources */,
				CEA7F2A9174DBE6E00336A29 /* RefreshHeaderAndFooterView.m in Sources */,
			);
			runOnlyForDeploymentPostprocessing = 0;
		};
/* End PBXSourcesBuildPhase section */

/* Begin PBXVariantGroup section */
		CE9DA815174C567800CB16C4 /* InfoPlist.strings */ = {
			isa = PBXVariantGroup;
			children = (
				CE9DA816174C567800CB16C4 /* en */,
			);
			name = InfoPlist.strings;
			sourceTree = "<group>";
		};
/* End PBXVariantGroup section */

/* Begin XCBuildConfiguration section */
		CE9DA82A174C567800CB16C4 /* Debug */ = {
			isa = XCBuildConfiguration;
			buildSettings = {
				ALWAYS_SEARCH_USER_PATHS = NO;
				CLANG_CXX_LANGUAGE_STANDARD = "gnu++0x";
				CLANG_CXX_LIBRARY = "libc++";
				CLANG_WARN_EMPTY_BODY = YES;
				CLANG_WARN__DUPLICATE_METHOD_MATCH = YES;
				"CODE_SIGN_IDENTITY[sdk=iphoneos*]" = "iPhone Developer";
				COPY_PHASE_STRIP = NO;
				GCC_C_LANGUAGE_STANDARD = gnu99;
				GCC_DYNAMIC_NO_PIC = NO;
				GCC_OPTIMIZATION_LEVEL = 0;
				GCC_PREPROCESSOR_DEFINITIONS = (
					"DEBUG=1",
					"$(inherited)",
				);
				GCC_SYMBOLS_PRIVATE_EXTERN = NO;
				GCC_WARN_ABOUT_RETURN_TYPE = YES;
				GCC_WARN_UNINITIALIZED_AUTOS = YES;
				GCC_WARN_UNUSED_VARIABLE = YES;
				IPHONEOS_DEPLOYMENT_TARGET = 6.0;
				ONLY_ACTIVE_ARCH = YES;
				SDKROOT = iphoneos;
			};
			name = Debug;
		};
		CE9DA82B174C567800CB16C4 /* Release */ = {
			isa = XCBuildConfiguration;
			buildSettings = {
				ALWAYS_SEARCH_USER_PATHS = NO;
				CLANG_CXX_LANGUAGE_STANDARD = "gnu++0x";
				CLANG_CXX_LIBRARY = "libc++";
				CLANG_WARN_EMPTY_BODY = YES;
				CLANG_WARN__DUPLICATE_METHOD_MATCH = YES;
				"CODE_SIGN_IDENTITY[sdk=iphoneos*]" = "iPhone Developer";
				COPY_PHASE_STRIP = YES;
				GCC_C_LANGUAGE_STANDARD = gnu99;
				GCC_WARN_ABOUT_RETURN_TYPE = YES;
				GCC_WARN_UNINITIALIZED_AUTOS = YES;
				GCC_WARN_UNUSED_VARIABLE = YES;
				IPHONEOS_DEPLOYMENT_TARGET = 6.0;
				OTHER_CFLAGS = "-DNS_BLOCK_ASSERTIONS=1";
				SDKROOT = iphoneos;
				VALIDATE_PRODUCT = YES;
			};
			name = Release;
		};
		CE9DA82D174C567800CB16C4 /* Debug */ = {
			isa = XCBuildConfiguration;
			buildSettings = {
				GCC_PRECOMPILE_PREFIX_HEADER = YES;
				GCC_PREFIX_HEADER = "test0001/test0001-Prefix.pch";
				INFOPLIST_FILE = "test0001/test0001-Info.plist";
				PRODUCT_NAME = "$(TARGET_NAME)";
				WRAPPER_EXTENSION = app;
			};
			name = Debug;
		};
		CE9DA82E174C567800CB16C4 /* Release */ = {
			isa = XCBuildConfiguration;
			buildSettings = {
				GCC_PRECOMPILE_PREFIX_HEADER = YES;
				GCC_PREFIX_HEADER = "test0001/test0001-Prefix.pch";
				INFOPLIST_FILE = "test0001/test0001-Info.plist";
				PRODUCT_NAME = "$(TARGET_NAME)";
				WRAPPER_EXTENSION = app;
			};
			name = Release;
		};
/* End XCBuildConfiguration section */

/* Begin XCConfigurationList section */
		CE9DA802174C567800CB16C4 /* Build configuration list for PBXProject "test0001" */ = {
			isa = XCConfigurationList;
			buildConfigurations = (
				CE9DA82A174C567800CB16C4 /* Debug */,
				CE9DA82B174C567800CB16C4 /* Release */,
			);
			defaultConfigurationIsVisible = 0;
			defaultConfigurationName = Release;
		};
		CE9DA82C174C567800CB16C4 /* Build configuration list for PBXNativeTarget "test0001" */ = {
			isa = XCConfigurationList;
			buildConfigurations = (
				CE9DA82D174C567800CB16C4 /* Debug */,
				CE9DA82E174C567800CB16C4 /* Release */,
			);
			defaultConfigurationIsVisible = 0;
			defaultConfigurationName = Release;
		};
/* End XCConfigurationList section */
	};
	rootObject = CE9DA7FF174C567700CB16C4 /* Project object */;
}
